// !$*UTF8*$!
{
	archiveVersion = 1;
	classes = {
	};
	objectVersion = 46;
	objects = {

/* Begin PBXBuildFile section */
		14B6E40C016D050CCE15DAAD /* libPods-Menu.a in Frameworks */ = {isa = PBXBuildFile; fileRef = 9C671398D9CAA8F49267E283 /* libPods-Menu.a */; };
		EDCC64A21D80578C00D77393 /* main.m in Sources */ = {isa = PBXBuildFile; fileRef = EDCC64A11D80578C00D77393 /* main.m */; };
		EDCC64A51D80578C00D77393 /* AppDelegate.m in Sources */ = {isa = PBXBuildFile; fileRef = EDCC64A41D80578C00D77393 /* AppDelegate.m */; };
		EDCC64AB1D80578C00D77393 /* SecondViewController.m in Sources */ = {isa = PBXBuildFile; fileRef = EDCC64AA1D80578C00D77393 /* SecondViewController.m */; };
		EDCC64AE1D80578C00D77393 /* Main.storyboard in Resources */ = {isa = PBXBuildFile; fileRef = EDCC64AC1D80578C00D77393 /* Main.storyboard */; };
		EDCC64B01D80578C00D77393 /* Assets.xcassets in Resources */ = {isa = PBXBuildFile; fileRef = EDCC64AF1D80578C00D77393 /* Assets.xcassets */; };
		EDCC64B31D80578C00D77393 /* LaunchScreen.storyboard in Resources */ = {isa = PBXBuildFile; fileRef = EDCC64B11D80578C00D77393 /* LaunchScreen.storyboard */; };
		EDCC64BC1D8058E300D77393 /* MRemoteConfig.m in Sources */ = {isa = PBXBuildFile; fileRef = EDCC64BB1D8058E300D77393 /* MRemoteConfig.m */; };
		EDCC64BF1D8061C900D77393 /* MNearbyTableViewController.m in Sources */ = {isa = PBXBuildFile; fileRef = EDCC64BE1D8061C900D77393 /* MNearbyTableViewController.m */; };
		EDCC64C21D8064BD00D77393 /* MConstants.m in Sources */ = {isa = PBXBuildFile; fileRef = EDCC64C11D8064BD00D77393 /* MConstants.m */; };
		EDCC64C81D8071C100D77393 /* MImageCollectionViewCell.m in Sources */ = {isa = PBXBuildFile; fileRef = EDCC64C71D8071C100D77393 /* MImageCollectionViewCell.m */; };
		EDCC64CE1D81421C00D77393 /* MAddViewControllerOne.m in Sources */ = {isa = PBXBuildFile; fileRef = EDCC64CD1D81421C00D77393 /* MAddViewControllerOne.m */; };
		EDCC64D11D8145B900D77393 /* MAddViewControllerTwo.m in Sources */ = {isa = PBXBuildFile; fileRef = EDCC64D01D8145B900D77393 /* MAddViewControllerTwo.m */; };
		EDCC64D51D81826700D77393 /* MItemSearchCollectionViewCell.m in Sources */ = {isa = PBXBuildFile; fileRef = EDCC64D31D81826700D77393 /* MItemSearchCollectionViewCell.m */; };
		EDCC64D61D81826700D77393 /* MItemSearchCollectionViewCell.xib in Resources */ = {isa = PBXBuildFile; fileRef = EDCC64D41D81826700D77393 /* MItemSearchCollectionViewCell.xib */; };
/* End PBXBuildFile section */

/* Begin PBXFileReference section */
		9C671398D9CAA8F49267E283 /* libPods-Menu.a */ = {isa = PBXFileReference; explicitFileType = archive.ar; includeInIndex = 0; path = "libPods-Menu.a"; sourceTree = BUILT_PRODUCTS_DIR; };
		CEA49599CDE7B22AF41937D6 /* Pods-Menu.debug.xcconfig */ = {isa = PBXFileReference; includeInIndex = 1; lastKnownFileType = text.xcconfig; name = "Pods-Menu.debug.xcconfig"; path = "Pods/Target Support Files/Pods-Menu/Pods-Menu.debug.xcconfig"; sourceTree = "<group>"; };
		D5BDAA1F0A6FB7032E25392E /* Pods-Menu.release.xcconfig */ = {isa = PBXFileReference; includeInIndex = 1; lastKnownFileType = text.xcconfig; name = "Pods-Menu.release.xcconfig"; path = "Pods/Target Support Files/Pods-Menu/Pods-Menu.release.xcconfig"; sourceTree = "<group>"; };
		EDCC649D1D80578C00D77393 /* Menu.app */ = {isa = PBXFileReference; explicitFileType = wrapper.application; includeInIndex = 0; path = Menu.app; sourceTree = BUILT_PRODUCTS_DIR; };
		EDCC64A11D80578C00D77393 /* main.m */ = {isa = PBXFileReference; lastKnownFileType = sourcecode.c.objc; path = main.m; sourceTree = "<group>"; };
		EDCC64A31D80578C00D77393 /* AppDelegate.h */ = {isa = PBXFileReference; lastKnownFileType = sourcecode.c.h; path = AppDelegate.h; sourceTree = "<group>"; };
		EDCC64A41D80578C00D77393 /* AppDelegate.m */ = {isa = PBXFileReference; lastKnownFileType = sourcecode.c.objc; path = AppDelegate.m; sourceTree = "<group>"; };
		EDCC64A91D80578C00D77393 /* SecondViewController.h */ = {isa = PBXFileReference; lastKnownFileType = sourcecode.c.h; path = SecondViewController.h; sourceTree = "<group>"; };
		EDCC64AA1D80578C00D77393 /* SecondViewController.m */ = {isa = PBXFileReference; lastKnownFileType = sourcecode.c.objc; path = SecondViewController.m; sourceTree = "<group>"; };
		EDCC64AD1D80578C00D77393 /* Base */ = {isa = PBXFileReference; lastKnownFileType = file.storyboard; name = Base; path = Base.lproj/Main.storyboard; sourceTree = "<group>"; };
		EDCC64AF1D80578C00D77393 /* Assets.xcassets */ = {isa = PBXFileReference; lastKnownFileType = folder.assetcatalog; path = Assets.xcassets; sourceTree = "<group>"; };
		EDCC64B21D80578C00D77393 /* Base */ = {isa = PBXFileReference; lastKnownFileType = file.storyboard; name = Base; path = Base.lproj/LaunchScreen.storyboard; sourceTree = "<group>"; };
		EDCC64B41D80578C00D77393 /* Info.plist */ = {isa = PBXFileReference; lastKnownFileType = text.plist.xml; path = Info.plist; sourceTree = "<group>"; };
		EDCC64BA1D8058E300D77393 /* MRemoteConfig.h */ = {isa = PBXFileReference; fileEncoding = 4; lastKnownFileType = sourcecode.c.h; path = MRemoteConfig.h; sourceTree = "<group>"; };
		EDCC64BB1D8058E300D77393 /* MRemoteConfig.m */ = {isa = PBXFileReference; fileEncoding = 4; lastKnownFileType = sourcecode.c.objc; path = MRemoteConfig.m; sourceTree = "<group>"; };
		EDCC64BD1D8061C900D77393 /* MNearbyTableViewController.h */ = {isa = PBXFileReference; fileEncoding = 4; lastKnownFileType = sourcecode.c.h; path = MNearbyTableViewController.h; sourceTree = "<group>"; };
		EDCC64BE1D8061C900D77393 /* MNearbyTableViewController.m */ = {isa = PBXFileReference; fileEncoding = 4; lastKnownFileType = sourcecode.c.objc; path = MNearbyTableViewController.m; sourceTree = "<group>"; };
		EDCC64C01D8064BD00D77393 /* MConstants.h */ = {isa = PBXFileReference; fileEncoding = 4; lastKnownFileType = sourcecode.c.h; path = MConstants.h; sourceTree = "<group>"; };
		EDCC64C11D8064BD00D77393 /* MConstants.m */ = {isa = PBXFileReference; fileEncoding = 4; lastKnownFileType = sourcecode.c.objc; path = MConstants.m; sourceTree = "<group>"; };
		EDCC64C61D8071C100D77393 /* MImageCollectionViewCell.h */ = {isa = PBXFileReference; fileEncoding = 4; lastKnownFileType = sourcecode.c.h; path = MImageCollectionViewCell.h; sourceTree = "<group>"; };
		EDCC64C71D8071C100D77393 /* MImageCollectionViewCell.m */ = {isa = PBXFileReference; fileEncoding = 4; lastKnownFileType = sourcecode.c.objc; path = MImageCollectionViewCell.m; sourceTree = "<group>"; };
		EDCC64CC1D81421C00D77393 /* MAddViewControllerOne.h */ = {isa = PBXFileReference; fileEncoding = 4; lastKnownFileType = sourcecode.c.h; path = MAddViewControllerOne.h; sourceTree = "<group>"; };
		EDCC64CD1D81421C00D77393 /* MAddViewControllerOne.m */ = {isa = PBXFileReference; fileEncoding = 4; lastKnownFileType = sourcecode.c.objc; path = MAddViewControllerOne.m; sourceTree = "<group>"; };
		EDCC64CF1D8145B900D77393 /* MAddViewControllerTwo.h */ = {isa = PBXFileReference; fileEncoding = 4; lastKnownFileType = sourcecode.c.h; path = MAddViewControllerTwo.h; sourceTree = "<group>"; };
		EDCC64D01D8145B900D77393 /* MAddViewControllerTwo.m */ = {isa = PBXFileReference; fileEncoding = 4; lastKnownFileType = sourcecode.c.objc; path = MAddViewControllerTwo.m; sourceTree = "<group>"; };
		EDCC64D21D81826700D77393 /* MItemSearchCollectionViewCell.h */ = {isa = PBXFileReference; fileEncoding = 4; lastKnownFileType = sourcecode.c.h; path = MItemSearchCollectionViewCell.h; sourceTree = "<group>"; };
		EDCC64D31D81826700D77393 /* MItemSearchCollectionViewCell.m */ = {isa = PBXFileReference; fileEncoding = 4; lastKnownFileType = sourcecode.c.objc; path = MItemSearchCollectionViewCell.m; sourceTree = "<group>"; };
		EDCC64D41D81826700D77393 /* MItemSearchCollectionViewCell.xib */ = {isa = PBXFileReference; fileEncoding = 4; lastKnownFileType = file.xib; path = MItemSearchCollectionViewCell.xib; sourceTree = "<group>"; };
/* End PBXFileReference section */

/* Begin PBXFrameworksBuildPhase section */
		EDCC649A1D80578C00D77393 /* Frameworks */ = {
			isa = PBXFrameworksBuildPhase;
			buildActionMask = 2147483647;
			files = (
				14B6E40C016D050CCE15DAAD /* libPods-Menu.a in Frameworks */,
			);
			runOnlyForDeploymentPostprocessing = 0;
		};
/* End PBXFrameworksBuildPhase section */

/* Begin PBXGroup section */
		26C80B5B07283E04AB8CAD98 /* Frameworks */ = {
			isa = PBXGroup;
			children = (
				9C671398D9CAA8F49267E283 /* libPods-Menu.a */,
			);
			name = Frameworks;
			sourceTree = "<group>";
		};
		37F8D395677825C601DA48B1 /* Pods */ = {
			isa = PBXGroup;
			children = (
				CEA49599CDE7B22AF41937D6 /* Pods-Menu.debug.xcconfig */,
				D5BDAA1F0A6FB7032E25392E /* Pods-Menu.release.xcconfig */,
			);
			name = Pods;
			sourceTree = "<group>";
		};
		EDCC64941D80578C00D77393 = {
			isa = PBXGroup;
			children = (
				EDCC649F1D80578C00D77393 /* Menu */,
				EDCC649E1D80578C00D77393 /* Products */,
				37F8D395677825C601DA48B1 /* Pods */,
				26C80B5B07283E04AB8CAD98 /* Frameworks */,
			);
			sourceTree = "<group>";
		};
		EDCC649E1D80578C00D77393 /* Products */ = {
			isa = PBXGroup;
			children = (
				EDCC649D1D80578C00D77393 /* Menu.app */,
			);
			name = Products;
			sourceTree = "<group>";
		};
		EDCC649F1D80578C00D77393 /* Menu */ = {
			isa = PBXGroup;
			children = (
				EDCC64A31D80578C00D77393 /* AppDelegate.h */,
				EDCC64A41D80578C00D77393 /* AppDelegate.m */,
				EDCC64C01D8064BD00D77393 /* MConstants.h */,
				EDCC64C11D8064BD00D77393 /* MConstants.m */,
				EDCC64BA1D8058E300D77393 /* MRemoteConfig.h */,
				EDCC64BB1D8058E300D77393 /* MRemoteConfig.m */,
				EDCC64BD1D8061C900D77393 /* MNearbyTableViewController.h */,
				EDCC64BE1D8061C900D77393 /* MNearbyTableViewController.m */,
				EDCC64CC1D81421C00D77393 /* MAddViewControllerOne.h */,
				EDCC64CD1D81421C00D77393 /* MAddViewControllerOne.m */,
				EDCC64D21D81826700D77393 /* MItemSearchCollectionViewCell.h */,
				EDCC64D31D81826700D77393 /* MItemSearchCollectionViewCell.m */,
				EDCC64D41D81826700D77393 /* MItemSearchCollectionViewCell.xib */,
				EDCC64CF1D8145B900D77393 /* MAddViewControllerTwo.h */,
				EDCC64D01D8145B900D77393 /* MAddViewControllerTwo.m */,
				EDCC64C61D8071C100D77393 /* MImageCollectionViewCell.h */,
				EDCC64C71D8071C100D77393 /* MImageCollectionViewCell.m */,
				EDCC64A91D80578C00D77393 /* SecondViewController.h */,
				EDCC64AA1D80578C00D77393 /* SecondViewController.m */,
				EDCC64AC1D80578C00D77393 /* Main.storyboard */,
				EDCC64AF1D80578C00D77393 /* Assets.xcassets */,
				EDCC64B11D80578C00D77393 /* LaunchScreen.storyboard */,
				EDCC64B41D80578C00D77393 /* Info.plist */,
				EDCC64A01D80578C00D77393 /* Supporting Files */,
			);
			path = Menu;
			sourceTree = "<group>";
		};
		EDCC64A01D80578C00D77393 /* Supporting Files */ = {
			isa = PBXGroup;
			children = (
				EDCC64A11D80578C00D77393 /* main.m */,
			);
			name = "Supporting Files";
			sourceTree = "<group>";
		};
/* End PBXGroup section */

/* Begin PBXNativeTarget section */
		EDCC649C1D80578C00D77393 /* Menu */ = {
			isa = PBXNativeTarget;
			buildConfigurationList = EDCC64B71D80578C00D77393 /* Build configuration list for PBXNativeTarget "Menu" */;
			buildPhases = (
				5394839EFA02128B81268055 /* [CP] Check Pods Manifest.lock */,
				EDCC64991D80578C00D77393 /* Sources */,
				EDCC649A1D80578C00D77393 /* Frameworks */,
				EDCC649B1D80578C00D77393 /* Resources */,
				47F019320D0B26BF6782CE74 /* [CP] Embed Pods Frameworks */,
				28DCED1C1D65F59A99351B6A /* [CP] Copy Pods Resources */,
			);
			buildRules = (
			);
			dependencies = (
			);
			name = Menu;
			productName = Menu;
			productReference = EDCC649D1D80578C00D77393 /* Menu.app */;
			productType = "com.apple.product-type.application";
		};
/* End PBXNativeTarget section */

/* Begin PBXProject section */
		EDCC64951D80578C00D77393 /* Project object */ = {
			isa = PBXProject;
			attributes = {
				LastUpgradeCheck = 0730;
				ORGANIZATIONNAME = Fuudapp;
				TargetAttributes = {
					EDCC649C1D80578C00D77393 = {
						CreatedOnToolsVersion = 7.3.1;
					};
				};
			};
			buildConfigurationList = EDCC64981D80578C00D77393 /* Build configuration list for PBXProject "Menu" */;
			compatibilityVersion = "Xcode 3.2";
			developmentRegion = English;
			hasScannedForEncodings = 0;
			knownRegions = (
				en,
				Base,
			);
			mainGroup = EDCC64941D80578C00D77393;
			productRefGroup = EDCC649E1D80578C00D77393 /* Products */;
			projectDirPath = "";
			projectRoot = "";
			targets = (
				EDCC649C1D80578C00D77393 /* Menu */,
			);
		};
/* End PBXProject section */

/* Begin PBXResourcesBuildPhase section */
		EDCC649B1D80578C00D77393 /* Resources */ = {
			isa = PBXResourcesBuildPhase;
			buildActionMask = 2147483647;
			files = (
				EDCC64B31D80578C00D77393 /* LaunchScreen.storyboard in Resources */,
				EDCC64D61D81826700D77393 /* MItemSearchCollectionViewCell.xib in Resources */,
				EDCC64B01D80578C00D77393 /* Assets.xcassets in Resources */,
				EDCC64AE1D80578C00D77393 /* Main.storyboard in Resources */,
			);
			runOnlyForDeploymentPostprocessing = 0;
		};
/* End PBXResourcesBuildPhase section */

/* Begin PBXShellScriptBuildPhase section */
		28DCED1C1D65F59A99351B6A /* [CP] Copy Pods Resources */ = {
			isa = PBXShellScriptBuildPhase;
			buildActionMask = 2147483647;
			files = (
			);
			inputPaths = (
			);
			name = "[CP] Copy Pods Resources";
			outputPaths = (
			);
			runOnlyForDeploymentPostprocessing = 0;
			shellPath = /bin/sh;
			shellScript = "\"${SRCROOT}/Pods/Target Support Files/Pods-Menu/Pods-Menu-resources.sh\"\n";
			showEnvVarsInLog = 0;
		};
		47F019320D0B26BF6782CE74 /* [CP] Embed Pods Frameworks */ = {
			isa = PBXShellScriptBuildPhase;
			buildActionMask = 2147483647;
			files = (
			);
			inputPaths = (
			);
			name = "[CP] Embed Pods Frameworks";
			outputPaths = (
			);
			runOnlyForDeploymentPostprocessing = 0;
			shellPath = /bin/sh;
			shellScript = "\"${SRCROOT}/Pods/Target Support Files/Pods-Menu/Pods-Menu-frameworks.sh\"\n";
			showEnvVarsInLog = 0;
		};
		5394839EFA02128B81268055 /* [CP] Check Pods Manifest.lock */ = {
			isa = PBXShellScriptBuildPhase;
			buildActionMask = 2147483647;
			files = (
			);
			inputPaths = (
			);
			name = "[CP] Check Pods Manifest.lock";
			outputPaths = (
			);
			runOnlyForDeploymentPostprocessing = 0;
			shellPath = /bin/sh;
			shellScript = "diff \"${PODS_ROOT}/../Podfile.lock\" \"${PODS_ROOT}/Manifest.lock\" > /dev/null\nif [[ $? != 0 ]] ; then\n    cat << EOM\nerror: The sandbox is not in sync with the Podfile.lock. Run 'pod install' or update your CocoaPods installation.\nEOM\n    exit 1\nfi\n";
			showEnvVarsInLog = 0;
		};
/* End PBXShellScriptBuildPhase section */

/* Begin PBXSourcesBuildPhase section */
		EDCC64991D80578C00D77393 /* Sources */ = {
			isa = PBXSourcesBuildPhase;
			buildActionMask = 2147483647;
			files = (
				EDCC64AB1D80578C00D77393 /* SecondViewController.m in Sources */,
				EDCC64C21D8064BD00D77393 /* MConstants.m in Sources */,
				EDCC64BF1D8061C900D77393 /* MNearbyTableViewController.m in Sources */,
				EDCC64CE1D81421C00D77393 /* MAddViewControllerOne.m in Sources */,
				EDCC64C81D8071C100D77393 /* MImageCollectionViewCell.m in Sources */,
				EDCC64A51D80578C00D77393 /* AppDelegate.m in Sources */,
				EDCC64D11D8145B900D77393 /* MAddViewControllerTwo.m in Sources */,
				EDCC64A21D80578C00D77393 /* main.m in Sources */,
				EDCC64D51D81826700D77393 /* MItemSearchCollectionViewCell.m in Sources */,
				EDCC64BC1D8058E300D77393 /* MRemoteConfig.m in Sources */,
			);
			runOnlyForDeploymentPostprocessing = 0;
		};
/* End PBXSourcesBuildPhase section */

/* Begin PBXVariantGroup section */
		EDCC64AC1D80578C00D77393 /* Main.storyboard */ = {
			isa = PBXVariantGroup;
			children = (
				EDCC64AD1D80578C00D77393 /* Base */,
			);
			name = Main.storyboard;
			sourceTree = "<group>";
		};
		EDCC64B11D80578C00D77393 /* LaunchScreen.storyboard */ = {
			isa = PBXVariantGroup;
			children = (
				EDCC64B21D80578C00D77393 /* Base */,
			);
			name = LaunchScreen.storyboard;
			sourceTree = "<group>";
		};
/* End PBXVariantGroup section */

/* Begin XCBuildConfiguration section */
		EDCC64B51D80578C00D77393 /* Debug */ = {
			isa = XCBuildConfiguration;
			buildSettings = {
				ALWAYS_SEARCH_USER_PATHS = NO;
				CLANG_ANALYZER_NONNULL = YES;
				CLANG_CXX_LANGUAGE_STANDARD = "gnu++0x";
				CLANG_CXX_LIBRARY = "libc++";
				CLANG_ENABLE_MODULES = YES;
				CLANG_ENABLE_OBJC_ARC = YES;
				CLANG_WARN_BOOL_CONVERSION = YES;
				CLANG_WARN_CONSTANT_CONVERSION = YES;
				CLANG_WARN_DIRECT_OBJC_ISA_USAGE = YES_ERROR;
				CLANG_WARN_EMPTY_BODY = YES;
				CLANG_WARN_ENUM_CONVERSION = YES;
				CLANG_WARN_INT_CONVERSION = YES;
				CLANG_WARN_OBJC_ROOT_CLASS = YES_ERROR;
				CLANG_WARN_UNREACHABLE_CODE = YES;
				CLANG_WARN__DUPLICATE_METHOD_MATCH = YES;
				"CODE_SIGN_IDENTITY[sdk=iphoneos*]" = "iPhone Developer";
				COPY_PHASE_STRIP = NO;
				DEBUG_INFORMATION_FORMAT = dwarf;
				ENABLE_STRICT_OBJC_MSGSEND = YES;
				ENABLE_TESTABILITY = YES;
				GCC_C_LANGUAGE_STANDARD = gnu99;
				GCC_DYNAMIC_NO_PIC = NO;
				GCC_NO_COMMON_BLOCKS = YES;
				GCC_OPTIMIZATION_LEVEL = 0;
				GCC_PREPROCESSOR_DEFINITIONS = (
					"DEBUG=1",
					"$(inherited)",
				);
				GCC_WARN_64_TO_32_BIT_CONVERSION = YES;
				GCC_WARN_ABOUT_RETURN_TYPE = YES_ERROR;
				GCC_WARN_UNDECLARED_SELECTOR = YES;
				GCC_WARN_UNINITIALIZED_AUTOS = YES_AGGRESSIVE;
				GCC_WARN_UNUSED_FUNCTION = YES;
				GCC_WARN_UNUSED_VARIABLE = YES;
				IPHONEOS_DEPLOYMENT_TARGET = 9.3;
				MTL_ENABLE_DEBUG_INFO = YES;
				ONLY_ACTIVE_ARCH = YES;
				SDKROOT = iphoneos;
			};
			name = Debug;
		};
		EDCC64B61D80578C00D77393 /* Release */ = {
			isa = XCBuildConfiguration;
			buildSettings = {
				ALWAYS_SEARCH_USER_PATHS = NO;
				CLANG_ANALYZER_NONNULL = YES;
				CLANG_CXX_LANGUAGE_STANDARD = "gnu++0x";
				CLANG_CXX_LIBRARY = "libc++";
				CLANG_ENABLE_MODULES = YES;
				CLANG_ENABLE_OBJC_ARC = YES;
				CLANG_WARN_BOOL_CONVERSION = YES;
				CLANG_WARN_CONSTANT_CONVERSION = YES;
				CLANG_WARN_DIRECT_OBJC_ISA_USAGE = YES_ERROR;
				CLANG_WARN_EMPTY_BODY = YES;
				CLANG_WARN_ENUM_CONVERSION = YES;
				CLANG_WARN_INT_CONVERSION = YES;
				CLANG_WARN_OBJC_ROOT_CLASS = YES_ERROR;
				CLANG_WARN_UNREACHABLE_CODE = YES;
				CLANG_WARN__DUPLICATE_METHOD_MATCH = YES;
				"CODE_SIGN_IDENTITY[sdk=iphoneos*]" = "iPhone Developer";
				COPY_PHASE_STRIP = NO;
				DEBUG_INFORMATION_FORMAT = "dwarf-with-dsym";
				ENABLE_NS_ASSERTIONS = NO;
				ENABLE_STRICT_OBJC_MSGSEND = YES;
				GCC_C_LANGUAGE_STANDARD = gnu99;
				GCC_NO_COMMON_BLOCKS = YES;
				GCC_WARN_64_TO_32_BIT_CONVERSION = YES;
				GCC_WARN_ABOUT_RETURN_TYPE = YES_ERROR;
				GCC_WARN_UNDECLARED_SELECTOR = YES;
				GCC_WARN_UNINITIALIZED_AUTOS = YES_AGGRESSIVE;
				GCC_WARN_UNUSED_FUNCTION = YES;
				GCC_WARN_UNUSED_VARIABLE = YES;
				IPHONEOS_DEPLOYMENT_TARGET = 9.3;
				MTL_ENABLE_DEBUG_INFO = NO;
				SDKROOT = iphoneos;
				VALIDATE_PRODUCT = YES;
			};
			name = Release;
		};
		EDCC64B81D80578C00D77393 /* Debug */ = {
			isa = XCBuildConfiguration;
			baseConfigurationReference = CEA49599CDE7B22AF41937D6 /* Pods-Menu.debug.xcconfig */;
			buildSettings = {
				ASSETCATALOG_COMPILER_APPICON_NAME = AppIcon;
				INFOPLIST_FILE = Menu/Info.plist;
				IPHONEOS_DEPLOYMENT_TARGET = 9.0;
				LD_RUNPATH_SEARCH_PATHS = "$(inherited) @executable_path/Frameworks";
				PRODUCT_BUNDLE_IDENTIFIER = com.fuudapp.Menu;
				PRODUCT_NAME = "$(TARGET_NAME)";
			};
			name = Debug;
		};
		EDCC64B91D80578C00D77393 /* Release */ = {
			isa = XCBuildConfiguration;
			baseConfigurationReference = D5BDAA1F0A6FB7032E25392E /* Pods-Menu.release.xcconfig */;
			buildSettings = {
				ASSETCATALOG_COMPILER_APPICON_NAME = AppIcon;
				INFOPLIST_FILE = Menu/Info.plist;
				IPHONEOS_DEPLOYMENT_TARGET = 9.0;
				LD_RUNPATH_SEARCH_PATHS = "$(inherited) @executable_path/Frameworks";
				PRODUCT_BUNDLE_IDENTIFIER = com.fuudapp.Menu;
				PRODUCT_NAME = "$(TARGET_NAME)";
			};
			name = Release;
		};
/* End XCBuildConfiguration section */

/* Begin XCConfigurationList section */
		EDCC64981D80578C00D77393 /* Build configuration list for PBXProject "Menu" */ = {
			isa = XCConfigurationList;
			buildConfigurations = (
				EDCC64B51D80578C00D77393 /* Debug */,
				EDCC64B61D80578C00D77393 /* Release */,
			);
			defaultConfigurationIsVisible = 0;
			defaultConfigurationName = Release;
		};
		EDCC64B71D80578C00D77393 /* Build configuration list for PBXNativeTarget "Menu" */ = {
			isa = XCConfigurationList;
			buildConfigurations = (
				EDCC64B81D80578C00D77393 /* Debug */,
				EDCC64B91D80578C00D77393 /* Release */,
			);
			defaultConfigurationIsVisible = 0;
			defaultConfigurationName = Release;
		};
/* End XCConfigurationList section */
	};
	rootObject = EDCC64951D80578C00D77393 /* Project object */;
}
